{
    "name": "chat-relay-extension",
    "version": "1.0.0",
    "lockfileVersion": 3,
    "requires": true,
    "packages": {
        "": {
            "name": "chat-relay-extension",
            "version": "1.0.0",
            "dependencies": {
                "chat-relay-extension": "file:"
            }
        },
        "node_modules/chat-relay-extension": {
            "resolved": "",
            "link": true
        }
    }
}
